
Microsoft Visual Studio Solution File, Format Version 12.00
# Visual Studio Version 17
VisualStudioVersion = 17.3.32929.385
MinimumVisualStudioVersion = 10.0.40219.1
Project("{FAE04EC0-301F-11D3-BF4B-00C04F79EFBC}") = "calcularIMC", "calcularIMC\calcularIMC.csproj", "{8289FC12-E5B1-4D37-A768-A56FD98640F1}"
EndProject
Global
	GlobalSection(SolutionConfigurationPlatforms) = preSolution
		Debug|Any CPU = Debug|Any CPU
		Release|Any CPU = Release|Any CPU
	EndGlobalSection
	GlobalSection(ProjectConfigurationPlatforms) = postSolution
		{8289FC12-E5B1-4D37-A768-A56FD98640F1}.Debug|Any CPU.ActiveCfg = Debug|Any CPU
		{8289FC12-E5B1-4D37-A768-A56FD98640F1}.Debug|Any CPU.Build.0 = Debug|Any CPU
		{8289FC12-E5B1-4D37-A768-A56FD98640F1}.Release|Any CPU.ActiveCfg = Release|Any CPU
		{8289FC12-E5B1-4D37-A768-A56FD98640F1}.Release|Any CPU.Build.0 = Release|Any CPU
	EndGlobalSection
	GlobalSection(SolutionProperties) = preSolution
		HideSolutionNode = FALSE
	EndGlobalSection
	GlobalSection(ExtensibilityGlobals) = postSolution
		SolutionGuid = {8550D1AD-42BA-4ECF-90B0-85F31FF77F12}
	EndGlobalSection
EndGlobal
