
Microsoft Visual Studio Solution File, Format Version 12.00
# Visual Studio Version 17
VisualStudioVersion = 17.3.32929.385
MinimumVisualStudioVersion = 10.0.40219.1
Project("{FAE04EC0-301F-11D3-BF4B-00C04F79EFBC}") = "SalarioMinimo", "SalarioMinimo\SalarioMinimo.csproj", "{BE4F2185-8364-440B-9509-A884C767152B}"
EndProject
Global
	GlobalSection(SolutionConfigurationPlatforms) = preSolution
		Debug|Any CPU = Debug|Any CPU
		Release|Any CPU = Release|Any CPU
	EndGlobalSection
	GlobalSection(ProjectConfigurationPlatforms) = postSolution
		{BE4F2185-8364-440B-9509-A884C767152B}.Debug|Any CPU.ActiveCfg = Debug|Any CPU
		{BE4F2185-8364-440B-9509-A884C767152B}.Debug|Any CPU.Build.0 = Debug|Any CPU
		{BE4F2185-8364-440B-9509-A884C767152B}.Release|Any CPU.ActiveCfg = Release|Any CPU
		{BE4F2185-8364-440B-9509-A884C767152B}.Release|Any CPU.Build.0 = Release|Any CPU
	EndGlobalSection
	GlobalSection(SolutionProperties) = preSolution
		HideSolutionNode = FALSE
	EndGlobalSection
	GlobalSection(ExtensibilityGlobals) = postSolution
		SolutionGuid = {DCC09B27-B74A-4ACA-8635-4E2B1CAC436A}
	EndGlobalSection
EndGlobal
